
Microsoft Visual Studio Solution File, Format Version 12.00
# Visual Studio Version 17
VisualStudioVersion = 17.3.32811.315
MinimumVisualStudioVersion = 10.0.40219.1
Project("{FAE04EC0-301F-11D3-BF4B-00C04F79EFBC}") = "Interfaz", "Interfaz.csproj", "{72BA644C-4F67-4FF6-A3C1-671530301217}"
EndProject
Project("{FAE04EC0-301F-11D3-BF4B-00C04F79EFBC}") = "Entidades", "..\Entidades\Entidades.csproj", "{69AA7093-BEBA-4C2C-9B4C-19317BA18D20}"
EndProject
Global
	GlobalSection(SolutionConfigurationPlatforms) = preSolution
		Debug|Any CPU = Debug|Any CPU
		Release|Any CPU = Release|Any CPU
	EndGlobalSection
	GlobalSection(ProjectConfigurationPlatforms) = postSolution
		{72BA644C-4F67-4FF6-A3C1-671530301217}.Debug|Any CPU.ActiveCfg = Debug|Any CPU
		{72BA644C-4F67-4FF6-A3C1-671530301217}.Debug|Any CPU.Build.0 = Debug|Any CPU
		{72BA644C-4F67-4FF6-A3C1-671530301217}.Release|Any CPU.ActiveCfg = Release|Any CPU
		{72BA644C-4F67-4FF6-A3C1-671530301217}.Release|Any CPU.Build.0 = Release|Any CPU
		{69AA7093-BEBA-4C2C-9B4C-19317BA18D20}.Debug|Any CPU.ActiveCfg = Debug|Any CPU
		{69AA7093-BEBA-4C2C-9B4C-19317BA18D20}.Debug|Any CPU.Build.0 = Debug|Any CPU
		{69AA7093-BEBA-4C2C-9B4C-19317BA18D20}.Release|Any CPU.ActiveCfg = Release|Any CPU
		{69AA7093-BEBA-4C2C-9B4C-19317BA18D20}.Release|Any CPU.Build.0 = Release|Any CPU
	EndGlobalSection
	GlobalSection(SolutionProperties) = preSolution
		HideSolutionNode = FALSE
	EndGlobalSection
	GlobalSection(ExtensibilityGlobals) = postSolution
		SolutionGuid = {EF8DC1CC-842F-4F50-97A6-0BFE2017B8E1}
	EndGlobalSection
EndGlobal
